// !$*UTF8*$!
{
	archiveVersion = 1;
	classes = {
	};
	objectVersion = 55;
	objects = {

/* Begin PBXBuildFile section */
		B18EAE4128D48E9D0013B9E7 /* ServiceEndpointContracts.swift in Sources */ = {isa = PBXBuildFile; fileRef = B18EAE4028D48E9D0013B9E7 /* ServiceEndpointContracts.swift */; };
		B1CBF24828CF19C800448733 /* AppDelegate.swift in Sources */ = {isa = PBXBuildFile; fileRef = B1CBF24728CF19C800448733 /* AppDelegate.swift */; };
		B1CBF24A28CF19C800448733 /* SceneDelegate.swift in Sources */ = {isa = PBXBuildFile; fileRef = B1CBF24928CF19C800448733 /* SceneDelegate.swift */; };
		B1CBF24C28CF19C800448733 /* CharacterListViewController.swift in Sources */ = {isa = PBXBuildFile; fileRef = B1CBF24B28CF19C800448733 /* CharacterListViewController.swift */; };
		B1CBF25128CF19CB00448733 /* Assets.xcassets in Resources */ = {isa = PBXBuildFile; fileRef = B1CBF25028CF19CB00448733 /* Assets.xcassets */; };
		B1CBF25428CF19CB00448733 /* LaunchScreen.storyboard in Resources */ = {isa = PBXBuildFile; fileRef = B1CBF25228CF19CB00448733 /* LaunchScreen.storyboard */; };
		B1CBF25F28CF19CB00448733 /* RickAndMortyTests.swift in Sources */ = {isa = PBXBuildFile; fileRef = B1CBF25E28CF19CB00448733 /* RickAndMortyTests.swift */; };
		B1CBF28228CF2A5F00448733 /* RickAndMortyServiceEndpoints.swift in Sources */ = {isa = PBXBuildFile; fileRef = B1CBF28128CF2A5F00448733 /* RickAndMortyServiceEndpoints.swift */; };
		B1CBF28428CF2CB000448733 /* NetworkManager.swift in Sources */ = {isa = PBXBuildFile; fileRef = B1CBF28328CF2CB000448733 /* NetworkManager.swift */; };
		B1CBF28728CF2D2600448733 /* Alamofire in Frameworks */ = {isa = PBXBuildFile; productRef = B1CBF28628CF2D2600448733 /* Alamofire */; };
		B1CBF28A28CF34C700448733 /* RickAndMortyService.swift in Sources */ = {isa = PBXBuildFile; fileRef = B1CBF28928CF34C700448733 /* RickAndMortyService.swift */; };
		B1CBF28C28CF355900448733 /* CharacterListEntity.swift in Sources */ = {isa = PBXBuildFile; fileRef = B1CBF28B28CF355900448733 /* CharacterListEntity.swift */; };
		B1CBF28F28CF35D200448733 /* CharacterListRouter.swift in Sources */ = {isa = PBXBuildFile; fileRef = B1CBF28E28CF35D200448733 /* CharacterListRouter.swift */; };
		B1CBF29128CF35DF00448733 /* CharacterListInteractor.swift in Sources */ = {isa = PBXBuildFile; fileRef = B1CBF29028CF35DF00448733 /* CharacterListInteractor.swift */; };
		B1CBF29328CF35EB00448733 /* CharacterListPresenter.swift in Sources */ = {isa = PBXBuildFile; fileRef = B1CBF29228CF35EB00448733 /* CharacterListPresenter.swift */; };
		B1CBF29528CF3D4900448733 /* CharacterListContracts.swift in Sources */ = {isa = PBXBuildFile; fileRef = B1CBF29428CF3D4900448733 /* CharacterListContracts.swift */; };
		B1CBF29828CF6DE000448733 /* SnapKit in Frameworks */ = {isa = PBXBuildFile; productRef = B1CBF29728CF6DE000448733 /* SnapKit */; };
		B1CBF29B28CF6EB900448733 /* CharacterListCellTableViewCell.swift in Sources */ = {isa = PBXBuildFile; fileRef = B1CBF29A28CF6EB900448733 /* CharacterListCellTableViewCell.swift */; };
		B1CBF29E28CF71F300448733 /* Kingfisher in Frameworks */ = {isa = PBXBuildFile; productRef = B1CBF29D28CF71F300448733 /* Kingfisher */; };
		B1CBF2A228CF8B3400448733 /* CharacterListBuilder.swift in Sources */ = {isa = PBXBuildFile; fileRef = B1CBF2A128CF8B3400448733 /* CharacterListBuilder.swift */; };
		B1F33B9928D08BAF00ABBD93 /* CharacterDetailViewController.swift in Sources */ = {isa = PBXBuildFile; fileRef = B1F33B9828D08BAF00ABBD93 /* CharacterDetailViewController.swift */; };
		B1F33B9B28D08BD100ABBD93 /* CharacterDetailPresenter.swift in Sources */ = {isa = PBXBuildFile; fileRef = B1F33B9A28D08BD100ABBD93 /* CharacterDetailPresenter.swift */; };
		B1F33B9F28D08D2300ABBD93 /* CharacterDetailContracts.swift in Sources */ = {isa = PBXBuildFile; fileRef = B1F33B9E28D08D2300ABBD93 /* CharacterDetailContracts.swift */; };
		B1F33BA128D08D3800ABBD93 /* CharacterDetailBuilder.swift in Sources */ = {isa = PBXBuildFile; fileRef = B1F33BA028D08D3800ABBD93 /* CharacterDetailBuilder.swift */; };
/* End PBXBuildFile section */

/* Begin PBXContainerItemProxy section */
		B1CBF25B28CF19CB00448733 /* PBXContainerItemProxy */ = {
			isa = PBXContainerItemProxy;
			containerPortal = B1CBF23C28CF19C800448733 /* Project object */;
			proxyType = 1;
			remoteGlobalIDString = B1CBF24328CF19C800448733;
			remoteInfo = RickAndMorty;
		};
		B1CBF26528CF19CB00448733 /* PBXContainerItemProxy */ = {
			isa = PBXContainerItemProxy;
			containerPortal = B1CBF23C28CF19C800448733 /* Project object */;
			proxyType = 1;
			remoteGlobalIDString = B1CBF24328CF19C800448733;
			remoteInfo = RickAndMorty;
		};
/* End PBXContainerItemProxy section */

/* Begin PBXFileReference section */
		B18EAE4028D48E9D0013B9E7 /* ServiceEndpointContracts.swift */ = {isa = PBXFileReference; lastKnownFileType = sourcecode.swift; path = ServiceEndpointContracts.swift; sourceTree = "<group>"; };
		B1CBF24428CF19C800448733 /* RickAndMorty.app */ = {isa = PBXFileReference; explicitFileType = wrapper.application; includeInIndex = 0; path = RickAndMorty.app; sourceTree = BUILT_PRODUCTS_DIR; };
		B1CBF24728CF19C800448733 /* AppDelegate.swift */ = {isa = PBXFileReference; lastKnownFileType = sourcecode.swift; path = AppDelegate.swift; sourceTree = "<group>"; };
		B1CBF24928CF19C800448733 /* SceneDelegate.swift */ = {isa = PBXFileReference; lastKnownFileType = sourcecode.swift; path = SceneDelegate.swift; sourceTree = "<group>"; };
		B1CBF24B28CF19C800448733 /* CharacterListViewController.swift */ = {isa = PBXFileReference; lastKnownFileType = sourcecode.swift; path = CharacterListViewController.swift; sourceTree = "<group>"; };
		B1CBF25028CF19CB00448733 /* Assets.xcassets */ = {isa = PBXFileReference; lastKnownFileType = folder.assetcatalog; path = Assets.xcassets; sourceTree = "<group>"; };
		B1CBF25328CF19CB00448733 /* Base */ = {isa = PBXFileReference; lastKnownFileType = file.storyboard; name = Base; path = Base.lproj/LaunchScreen.storyboard; sourceTree = "<group>"; };
		B1CBF25528CF19CB00448733 /* Info.plist */ = {isa = PBXFileReference; lastKnownFileType = text.plist.xml; path = Info.plist; sourceTree = "<group>"; };
		B1CBF25A28CF19CB00448733 /* RickAndMortyTests.xctest */ = {isa = PBXFileReference; explicitFileType = wrapper.cfbundle; includeInIndex = 0; path = RickAndMortyTests.xctest; sourceTree = BUILT_PRODUCTS_DIR; };
		B1CBF25E28CF19CB00448733 /* RickAndMortyTests.swift */ = {isa = PBXFileReference; lastKnownFileType = sourcecode.swift; path = RickAndMortyTests.swift; sourceTree = "<group>"; };
		B1CBF26428CF19CB00448733 /* RickAndMortyUITests.xctest */ = {isa = PBXFileReference; explicitFileType = wrapper.cfbundle; includeInIndex = 0; path = RickAndMortyUITests.xctest; sourceTree = BUILT_PRODUCTS_DIR; };
		B1CBF28128CF2A5F00448733 /* RickAndMortyServiceEndpoints.swift */ = {isa = PBXFileReference; lastKnownFileType = sourcecode.swift; path = RickAndMortyServiceEndpoints.swift; sourceTree = "<group>"; };
		B1CBF28328CF2CB000448733 /* NetworkManager.swift */ = {isa = PBXFileReference; lastKnownFileType = sourcecode.swift; path = NetworkManager.swift; sourceTree = "<group>"; };
		B1CBF28928CF34C700448733 /* RickAndMortyService.swift */ = {isa = PBXFileReference; lastKnownFileType = sourcecode.swift; path = RickAndMortyService.swift; sourceTree = "<group>"; };
		B1CBF28B28CF355900448733 /* CharacterListEntity.swift */ = {isa = PBXFileReference; lastKnownFileType = sourcecode.swift; path = CharacterListEntity.swift; sourceTree = "<group>"; };
		B1CBF28E28CF35D200448733 /* CharacterListRouter.swift */ = {isa = PBXFileReference; lastKnownFileType = sourcecode.swift; path = CharacterListRouter.swift; sourceTree = "<group>"; };
		B1CBF29028CF35DF00448733 /* CharacterListInteractor.swift */ = {isa = PBXFileReference; lastKnownFileType = sourcecode.swift; path = CharacterListInteractor.swift; sourceTree = "<group>"; };
		B1CBF29228CF35EB00448733 /* CharacterListPresenter.swift */ = {isa = PBXFileReference; lastKnownFileType = sourcecode.swift; path = CharacterListPresenter.swift; sourceTree = "<group>"; };
		B1CBF29428CF3D4900448733 /* CharacterListContracts.swift */ = {isa = PBXFileReference; lastKnownFileType = sourcecode.swift; path = CharacterListContracts.swift; sourceTree = "<group>"; };
		B1CBF29A28CF6EB900448733 /* CharacterListCellTableViewCell.swift */ = {isa = PBXFileReference; lastKnownFileType = sourcecode.swift; path = CharacterListCellTableViewCell.swift; sourceTree = "<group>"; };
		B1CBF2A128CF8B3400448733 /* CharacterListBuilder.swift */ = {isa = PBXFileReference; lastKnownFileType = sourcecode.swift; path = CharacterListBuilder.swift; sourceTree = "<group>"; };
		B1F33B9828D08BAF00ABBD93 /* CharacterDetailViewController.swift */ = {isa = PBXFileReference; lastKnownFileType = sourcecode.swift; path = CharacterDetailViewController.swift; sourceTree = "<group>"; };
		B1F33B9A28D08BD100ABBD93 /* CharacterDetailPresenter.swift */ = {isa = PBXFileReference; lastKnownFileType = sourcecode.swift; path = CharacterDetailPresenter.swift; sourceTree = "<group>"; };
		B1F33B9E28D08D2300ABBD93 /* CharacterDetailContracts.swift */ = {isa = PBXFileReference; lastKnownFileType = sourcecode.swift; path = CharacterDetailContracts.swift; sourceTree = "<group>"; };
		B1F33BA028D08D3800ABBD93 /* CharacterDetailBuilder.swift */ = {isa = PBXFileReference; lastKnownFileType = sourcecode.swift; path = CharacterDetailBuilder.swift; sourceTree = "<group>"; };
/* End PBXFileReference section */

/* Begin PBXFrameworksBuildPhase section */
		B1CBF24128CF19C800448733 /* Frameworks */ = {
			isa = PBXFrameworksBuildPhase;
			buildActionMask = 2147483647;
			files = (
				B1CBF29E28CF71F300448733 /* Kingfisher in Frameworks */,
				B1CBF28728CF2D2600448733 /* Alamofire in Frameworks */,
				B1CBF29828CF6DE000448733 /* SnapKit in Frameworks */,
			);
			runOnlyForDeploymentPostprocessing = 0;
		};
		B1CBF25728CF19CB00448733 /* Frameworks */ = {
			isa = PBXFrameworksBuildPhase;
			buildActionMask = 2147483647;
			files = (
			);
			runOnlyForDeploymentPostprocessing = 0;
		};
		B1CBF26128CF19CB00448733 /* Frameworks */ = {
			isa = PBXFrameworksBuildPhase;
			buildActionMask = 2147483647;
			files = (
			);
			runOnlyForDeploymentPostprocessing = 0;
		};
/* End PBXFrameworksBuildPhase section */

/* Begin PBXGroup section */
		B1CBF23B28CF19C800448733 = {
			isa = PBXGroup;
			children = (
				B1CBF24628CF19C800448733 /* RickAndMorty */,
				B1CBF25D28CF19CB00448733 /* RickAndMortyTests */,
				B1CBF24528CF19C800448733 /* Products */,
			);
			sourceTree = "<group>";
		};
		B1CBF24528CF19C800448733 /* Products */ = {
			isa = PBXGroup;
			children = (
				B1CBF24428CF19C800448733 /* RickAndMorty.app */,
				B1CBF25A28CF19CB00448733 /* RickAndMortyTests.xctest */,
				B1CBF26428CF19CB00448733 /* RickAndMortyUITests.xctest */,
			);
			name = Products;
			sourceTree = "<group>";
		};
		B1CBF24628CF19C800448733 /* RickAndMorty */ = {
			isa = PBXGroup;
			children = (
				B1CBF27728CF1A9C00448733 /* Core */,
				B1CBF27828CF1AB400448733 /* Sources */,
				B1CBF27A28CF1FB200448733 /* Network */,
				B1CBF27B28CF201F00448733 /* Modules */,
			);
			path = RickAndMorty;
			sourceTree = "<group>";
		};
		B1CBF25D28CF19CB00448733 /* RickAndMortyTests */ = {
			isa = PBXGroup;
			children = (
				B1CBF25E28CF19CB00448733 /* RickAndMortyTests.swift */,
			);
			path = RickAndMortyTests;
			sourceTree = "<group>";
		};
		B1CBF27728CF1A9C00448733 /* Core */ = {
			isa = PBXGroup;
			children = (
				B1CBF24728CF19C800448733 /* AppDelegate.swift */,
				B1CBF24928CF19C800448733 /* SceneDelegate.swift */,
				B1CBF25528CF19CB00448733 /* Info.plist */,
			);
			path = Core;
			sourceTree = "<group>";
		};
		B1CBF27828CF1AB400448733 /* Sources */ = {
			isa = PBXGroup;
			children = (
				B1CBF25228CF19CB00448733 /* LaunchScreen.storyboard */,
				B1CBF25028CF19CB00448733 /* Assets.xcassets */,
			);
			path = Sources;
			sourceTree = "<group>";
		};
		B1CBF27A28CF1FB200448733 /* Network */ = {
			isa = PBXGroup;
			children = (
				B1CBF28828CF311400448733 /* ServiceEndpoints */,
				B1CBF27F28CF206E00448733 /* NetworkManager */,
				B1CBF28028CF207300448733 /* Services */,
			);
			path = Network;
			sourceTree = "<group>";
		};
		B1CBF27B28CF201F00448733 /* Modules */ = {
			isa = PBXGroup;
			children = (
				B1CBF27C28CF203700448733 /* CharacterList */,
				B1CBF27D28CF203D00448733 /* CharacterDetail */,
			);
			path = Modules;
			sourceTree = "<group>";
		};
		B1CBF27C28CF203700448733 /* CharacterList */ = {
			isa = PBXGroup;
			children = (
				B1CBF29928CF6E8D00448733 /* Cell */,
				B1CBF28B28CF355900448733 /* CharacterListEntity.swift */,
				B1CBF24B28CF19C800448733 /* CharacterListViewController.swift */,
				B1CBF28E28CF35D200448733 /* CharacterListRouter.swift */,
				B1CBF29028CF35DF00448733 /* CharacterListInteractor.swift */,
				B1CBF29228CF35EB00448733 /* CharacterListPresenter.swift */,
				B1CBF29428CF3D4900448733 /* CharacterListContracts.swift */,
				B1CBF2A128CF8B3400448733 /* CharacterListBuilder.swift */,
			);
			path = CharacterList;
			sourceTree = "<group>";
		};
		B1CBF27D28CF203D00448733 /* CharacterDetail */ = {
			isa = PBXGroup;
			children = (
				B1F33B9828D08BAF00ABBD93 /* CharacterDetailViewController.swift */,
				B1F33B9A28D08BD100ABBD93 /* CharacterDetailPresenter.swift */,
				B1F33B9E28D08D2300ABBD93 /* CharacterDetailContracts.swift */,
				B1F33BA028D08D3800ABBD93 /* CharacterDetailBuilder.swift */,
			);
			path = CharacterDetail;
			sourceTree = "<group>";
		};
		B1CBF27F28CF206E00448733 /* NetworkManager */ = {
			isa = PBXGroup;
			children = (
				B1CBF28328CF2CB000448733 /* NetworkManager.swift */,
			);
			path = NetworkManager;
			sourceTree = "<group>";
		};
		B1CBF28028CF207300448733 /* Services */ = {
			isa = PBXGroup;
			children = (
				B1CBF28928CF34C700448733 /* RickAndMortyService.swift */,
			);
			path = Services;
			sourceTree = "<group>";
		};
		B1CBF28828CF311400448733 /* ServiceEndpoints */ = {
			isa = PBXGroup;
			children = (
				B1CBF28128CF2A5F00448733 /* RickAndMortyServiceEndpoints.swift */,
				B18EAE4028D48E9D0013B9E7 /* ServiceEndpointContracts.swift */,
			);
			path = ServiceEndpoints;
			sourceTree = "<group>";
		};
		B1CBF29928CF6E8D00448733 /* Cell */ = {
			isa = PBXGroup;
			children = (
				B1CBF29A28CF6EB900448733 /* CharacterListCellTableViewCell.swift */,
			);
			path = Cell;
			sourceTree = "<group>";
		};
/* End PBXGroup section */

/* Begin PBXNativeTarget section */
		B1CBF24328CF19C800448733 /* RickAndMorty */ = {
			isa = PBXNativeTarget;
			buildConfigurationList = B1CBF26E28CF19CB00448733 /* Build configuration list for PBXNativeTarget "RickAndMorty" */;
			buildPhases = (
				B1CBF27928CF1E2200448733 /* ShellScript */,
				B1CBF24028CF19C800448733 /* Sources */,
				B1CBF24128CF19C800448733 /* Frameworks */,
				B1CBF24228CF19C800448733 /* Resources */,
			);
			buildRules = (
			);
			dependencies = (
			);
			name = RickAndMorty;
			packageProductDependencies = (
				B1CBF28628CF2D2600448733 /* Alamofire */,
				B1CBF29728CF6DE000448733 /* SnapKit */,
				B1CBF29D28CF71F300448733 /* Kingfisher */,
			);
			productName = RickAndMorty;
			productReference = B1CBF24428CF19C800448733 /* RickAndMorty.app */;
			productType = "com.apple.product-type.application";
		};
		B1CBF25928CF19CB00448733 /* RickAndMortyTests */ = {
			isa = PBXNativeTarget;
			buildConfigurationList = B1CBF27128CF19CB00448733 /* Build configuration list for PBXNativeTarget "RickAndMortyTests" */;
			buildPhases = (
				B1CBF25628CF19CB00448733 /* Sources */,
				B1CBF25728CF19CB00448733 /* Frameworks */,
				B1CBF25828CF19CB00448733 /* Resources */,
			);
			buildRules = (
			);
			dependencies = (
				B1CBF25C28CF19CB00448733 /* PBXTargetDependency */,
			);
			name = RickAndMortyTests;
			productName = RickAndMortyTests;
			productReference = B1CBF25A28CF19CB00448733 /* RickAndMortyTests.xctest */;
			productType = "com.apple.product-type.bundle.unit-test";
		};
		B1CBF26328CF19CB00448733 /* RickAndMortyUITests */ = {
			isa = PBXNativeTarget;
			buildConfigurationList = B1CBF27428CF19CB00448733 /* Build configuration list for PBXNativeTarget "RickAndMortyUITests" */;
			buildPhases = (
				B1CBF26028CF19CB00448733 /* Sources */,
				B1CBF26128CF19CB00448733 /* Frameworks */,
				B1CBF26228CF19CB00448733 /* Resources */,
			);
			buildRules = (
			);
			dependencies = (
				B1CBF26628CF19CB00448733 /* PBXTargetDependency */,
			);
			name = RickAndMortyUITests;
			productName = RickAndMortyUITests;
			productReference = B1CBF26428CF19CB00448733 /* RickAndMortyUITests.xctest */;
			productType = "com.apple.product-type.bundle.ui-testing";
		};
/* End PBXNativeTarget section */

/* Begin PBXProject section */
		B1CBF23C28CF19C800448733 /* Project object */ = {
			isa = PBXProject;
			attributes = {
				BuildIndependentTargetsInParallel = 1;
				LastSwiftUpdateCheck = 1340;
				LastUpgradeCheck = 1340;
				TargetAttributes = {
					B1CBF24328CF19C800448733 = {
						CreatedOnToolsVersion = 13.4.1;
					};
					B1CBF25928CF19CB00448733 = {
						CreatedOnToolsVersion = 13.4.1;
						TestTargetID = B1CBF24328CF19C800448733;
					};
					B1CBF26328CF19CB00448733 = {
						CreatedOnToolsVersion = 13.4.1;
						TestTargetID = B1CBF24328CF19C800448733;
					};
				};
			};
			buildConfigurationList = B1CBF23F28CF19C800448733 /* Build configuration list for PBXProject "RickAndMorty" */;
			compatibilityVersion = "Xcode 13.0";
			developmentRegion = en;
			hasScannedForEncodings = 0;
			knownRegions = (
				en,
				Base,
			);
			mainGroup = B1CBF23B28CF19C800448733;
			packageReferences = (
				B1CBF28528CF2D2600448733 /* XCRemoteSwiftPackageReference "Alamofire" */,
				B1CBF29628CF6DE000448733 /* XCRemoteSwiftPackageReference "SnapKit" */,
				B1CBF29C28CF71F300448733 /* XCRemoteSwiftPackageReference "Kingfisher" */,
			);
			productRefGroup = B1CBF24528CF19C800448733 /* Products */;
			projectDirPath = "";
			projectRoot = "";
			targets = (
				B1CBF24328CF19C800448733 /* RickAndMorty */,
				B1CBF25928CF19CB00448733 /* RickAndMortyTests */,
				B1CBF26328CF19CB00448733 /* RickAndMortyUITests */,
			);
		};
/* End PBXProject section */

/* Begin PBXResourcesBuildPhase section */
		B1CBF24228CF19C800448733 /* Resources */ = {
			isa = PBXResourcesBuildPhase;
			buildActionMask = 2147483647;
			files = (
				B1CBF25428CF19CB00448733 /* LaunchScreen.storyboard in Resources */,
				B1CBF25128CF19CB00448733 /* Assets.xcassets in Resources */,
			);
			runOnlyForDeploymentPostprocessing = 0;
		};
		B1CBF25828CF19CB00448733 /* Resources */ = {
			isa = PBXResourcesBuildPhase;
			buildActionMask = 2147483647;
			files = (
			);
			runOnlyForDeploymentPostprocessing = 0;
		};
		B1CBF26228CF19CB00448733 /* Resources */ = {
			isa = PBXResourcesBuildPhase;
			buildActionMask = 2147483647;
			files = (
			);
			runOnlyForDeploymentPostprocessing = 0;
		};
/* End PBXResourcesBuildPhase section */

/* Begin PBXShellScriptBuildPhase section */
		B1CBF27928CF1E2200448733 /* ShellScript */ = {
			isa = PBXShellScriptBuildPhase;
			buildActionMask = 2147483647;
			files = (
			);
			inputFileListPaths = (
			);
			inputPaths = (
			);
			outputFileListPaths = (
			);
			outputPaths = (
			);
			runOnlyForDeploymentPostprocessing = 0;
			shellPath = /bin/sh;
			shellScript = "export PATH=\"$PATH:/opt/homebrew/bin\"\nif which swiftlint > /dev/null; then\n  swiftlint\nelse\n  echo \"warning: SwiftLint not installed, download from https://github.com/realm/SwiftLint\"\nfi\n";
		};
/* End PBXShellScriptBuildPhase section */

/* Begin PBXSourcesBuildPhase section */
		B1CBF24028CF19C800448733 /* Sources */ = {
			isa = PBXSourcesBuildPhase;
			buildActionMask = 2147483647;
			files = (
				B1CBF2A228CF8B3400448733 /* CharacterListBuilder.swift in Sources */,
				B1CBF24C28CF19C800448733 /* CharacterListViewController.swift in Sources */,
				B18EAE4128D48E9D0013B9E7 /* ServiceEndpointContracts.swift in Sources */,
				B1F33BA128D08D3800ABBD93 /* CharacterDetailBuilder.swift in Sources */,
				B1CBF24828CF19C800448733 /* AppDelegate.swift in Sources */,
				B1CBF28C28CF355900448733 /* CharacterListEntity.swift in Sources */,
				B1CBF28A28CF34C700448733 /* RickAndMortyService.swift in Sources */,
				B1CBF28428CF2CB000448733 /* NetworkManager.swift in Sources */,
				B1CBF28228CF2A5F00448733 /* RickAndMortyServiceEndpoints.swift in Sources */,
				B1CBF29328CF35EB00448733 /* CharacterListPresenter.swift in Sources */,
				B1CBF28F28CF35D200448733 /* CharacterListRouter.swift in Sources */,
				B1CBF24A28CF19C800448733 /* SceneDelegate.swift in Sources */,
				B1F33B9F28D08D2300ABBD93 /* CharacterDetailContracts.swift in Sources */,
				B1CBF29128CF35DF00448733 /* CharacterListInteractor.swift in Sources */,
				B1F33B9B28D08BD100ABBD93 /* CharacterDetailPresenter.swift in Sources */,
				B1F33B9928D08BAF00ABBD93 /* CharacterDetailViewController.swift in Sources */,
				B1CBF29528CF3D4900448733 /* CharacterListContracts.swift in Sources */,
				B1CBF29B28CF6EB900448733 /* CharacterListCellTableViewCell.swift in Sources */,
			);
			runOnlyForDeploymentPostprocessing = 0;
		};
		B1CBF25628CF19CB00448733 /* Sources */ = {
			isa = PBXSourcesBuildPhase;
			buildActionMask = 2147483647;
			files = (
				B1CBF25F28CF19CB00448733 /* RickAndMortyTests.swift in Sources */,
			);
			runOnlyForDeploymentPostprocessing = 0;
		};
		B1CBF26028CF19CB00448733 /* Sources */ = {
			isa = PBXSourcesBuildPhase;
			buildActionMask = 2147483647;
			files = (
			);
			runOnlyForDeploymentPostprocessing = 0;
		};
/* End PBXSourcesBuildPhase section */

/* Begin PBXTargetDependency section */
		B1CBF25C28CF19CB00448733 /* PBXTargetDependency */ = {
			isa = PBXTargetDependency;
			target = B1CBF24328CF19C800448733 /* RickAndMorty */;
			targetProxy = B1CBF25B28CF19CB00448733 /* PBXContainerItemProxy */;
		};
		B1CBF26628CF19CB00448733 /* PBXTargetDependency */ = {
			isa = PBXTargetDependency;
			target = B1CBF24328CF19C800448733 /* RickAndMorty */;
			targetProxy = B1CBF26528CF19CB00448733 /* PBXContainerItemProxy */;
		};
/* End PBXTargetDependency section */

/* Begin PBXVariantGroup section */
		B1CBF25228CF19CB00448733 /* LaunchScreen.storyboard */ = {
			isa = PBXVariantGroup;
			children = (
				B1CBF25328CF19CB00448733 /* Base */,
			);
			name = LaunchScreen.storyboard;
			sourceTree = "<group>";
		};
/* End PBXVariantGroup section */

/* Begin XCBuildConfiguration section */
		B1CBF26C28CF19CB00448733 /* Debug */ = {
			isa = XCBuildConfiguration;
			buildSettings = {
				ALWAYS_SEARCH_USER_PATHS = NO;
				CLANG_ANALYZER_NONNULL = YES;
				CLANG_ANALYZER_NUMBER_OBJECT_CONVERSION = YES_AGGRESSIVE;
				CLANG_CXX_LANGUAGE_STANDARD = "gnu++17";
				CLANG_ENABLE_MODULES = YES;
				CLANG_ENABLE_OBJC_ARC = YES;
				CLANG_ENABLE_OBJC_WEAK = YES;
				CLANG_WARN_BLOCK_CAPTURE_AUTORELEASING = YES;
				CLANG_WARN_BOOL_CONVERSION = YES;
				CLANG_WARN_COMMA = YES;
				CLANG_WARN_CONSTANT_CONVERSION = YES;
				CLANG_WARN_DEPRECATED_OBJC_IMPLEMENTATIONS = YES;
				CLANG_WARN_DIRECT_OBJC_ISA_USAGE = YES_ERROR;
				CLANG_WARN_DOCUMENTATION_COMMENTS = YES;
				CLANG_WARN_EMPTY_BODY = YES;
				CLANG_WARN_ENUM_CONVERSION = YES;
				CLANG_WARN_INFINITE_RECURSION = YES;
				CLANG_WARN_INT_CONVERSION = YES;
				CLANG_WARN_NON_LITERAL_NULL_CONVERSION = YES;
				CLANG_WARN_OBJC_IMPLICIT_RETAIN_SELF = YES;
				CLANG_WARN_OBJC_LITERAL_CONVERSION = YES;
				CLANG_WARN_OBJC_ROOT_CLASS = YES_ERROR;
				CLANG_WARN_QUOTED_INCLUDE_IN_FRAMEWORK_HEADER = YES;
				CLANG_WARN_RANGE_LOOP_ANALYSIS = YES;
				CLANG_WARN_STRICT_PROTOTYPES = YES;
				CLANG_WARN_SUSPICIOUS_MOVE = YES;
				CLANG_WARN_UNGUARDED_AVAILABILITY = YES_AGGRESSIVE;
				CLANG_WARN_UNREACHABLE_CODE = YES;
				CLANG_WARN__DUPLICATE_METHOD_MATCH = YES;
				COPY_PHASE_STRIP = NO;
				DEBUG_INFORMATION_FORMAT = dwarf;
				ENABLE_STRICT_OBJC_MSGSEND = YES;
				ENABLE_TESTABILITY = YES;
				GCC_C_LANGUAGE_STANDARD = gnu11;
				GCC_DYNAMIC_NO_PIC = NO;
				GCC_NO_COMMON_BLOCKS = YES;
				GCC_OPTIMIZATION_LEVEL = 0;
				GCC_PREPROCESSOR_DEFINITIONS = (
					"DEBUG=1",
					"$(inherited)",
				);
				GCC_WARN_64_TO_32_BIT_CONVERSION = YES;
				GCC_WARN_ABOUT_RETURN_TYPE = YES_ERROR;
				GCC_WARN_UNDECLARED_SELECTOR = YES;
				GCC_WARN_UNINITIALIZED_AUTOS = YES_AGGRESSIVE;
				GCC_WARN_UNUSED_FUNCTION = YES;
				GCC_WARN_UNUSED_VARIABLE = YES;
				IPHONEOS_DEPLOYMENT_TARGET = 15.5;
				MTL_ENABLE_DEBUG_INFO = INCLUDE_SOURCE;
				MTL_FAST_MATH = YES;
				ONLY_ACTIVE_ARCH = YES;
				SDKROOT = iphoneos;
				SWIFT_ACTIVE_COMPILATION_CONDITIONS = DEBUG;
				SWIFT_OPTIMIZATION_LEVEL = "-Onone";
			};
			name = Debug;
		};
		B1CBF26D28CF19CB00448733 /* Release */ = {
			isa = XCBuildConfiguration;
			buildSettings = {
				ALWAYS_SEARCH_USER_PATHS = NO;
				CLANG_ANALYZER_NONNULL = YES;
				CLANG_ANALYZER_NUMBER_OBJECT_CONVERSION = YES_AGGRESSIVE;
				CLANG_CXX_LANGUAGE_STANDARD = "gnu++17";
				CLANG_ENABLE_MODULES = YES;
				CLANG_ENABLE_OBJC_ARC = YES;
				CLANG_ENABLE_OBJC_WEAK = YES;
				CLANG_WARN_BLOCK_CAPTURE_AUTORELEASING = YES;
				CLANG_WARN_BOOL_CONVERSION = YES;
				CLANG_WARN_COMMA = YES;
				CLANG_WARN_CONSTANT_CONVERSION = YES;
				CLANG_WARN_DEPRECATED_OBJC_IMPLEMENTATIONS = YES;
				CLANG_WARN_DIRECT_OBJC_ISA_USAGE = YES_ERROR;
				CLANG_WARN_DOCUMENTATION_COMMENTS = YES;
				CLANG_WARN_EMPTY_BODY = YES;
				CLANG_WARN_ENUM_CONVERSION = YES;
				CLANG_WARN_INFINITE_RECURSION = YES;
				CLANG_WARN_INT_CONVERSION = YES;
				CLANG_WARN_NON_LITERAL_NULL_CONVERSION = YES;
				CLANG_WARN_OBJC_IMPLICIT_RETAIN_SELF = YES;
				CLANG_WARN_OBJC_LITERAL_CONVERSION = YES;
				CLANG_WARN_OBJC_ROOT_CLASS = YES_ERROR;
				CLANG_WARN_QUOTED_INCLUDE_IN_FRAMEWORK_HEADER = YES;
				CLANG_WARN_RANGE_LOOP_ANALYSIS = YES;
				CLANG_WARN_STRICT_PROTOTYPES = YES;
				CLANG_WARN_SUSPICIOUS_MOVE = YES;
				CLANG_WARN_UNGUARDED_AVAILABILITY = YES_AGGRESSIVE;
				CLANG_WARN_UNREACHABLE_CODE = YES;
				CLANG_WARN__DUPLICATE_METHOD_MATCH = YES;
				COPY_PHASE_STRIP = NO;
				DEBUG_INFORMATION_FORMAT = "dwarf-with-dsym";
				ENABLE_NS_ASSERTIONS = NO;
				ENABLE_STRICT_OBJC_MSGSEND = YES;
				GCC_C_LANGUAGE_STANDARD = gnu11;
				GCC_NO_COMMON_BLOCKS = YES;
				GCC_WARN_64_TO_32_BIT_CONVERSION = YES;
				GCC_WARN_ABOUT_RETURN_TYPE = YES_ERROR;
				GCC_WARN_UNDECLARED_SELECTOR = YES;
				GCC_WARN_UNINITIALIZED_AUTOS = YES_AGGRESSIVE;
				GCC_WARN_UNUSED_FUNCTION = YES;
				GCC_WARN_UNUSED_VARIABLE = YES;
				IPHONEOS_DEPLOYMENT_TARGET = 15.5;
				MTL_ENABLE_DEBUG_INFO = NO;
				MTL_FAST_MATH = YES;
				SDKROOT = iphoneos;
				SWIFT_COMPILATION_MODE = wholemodule;
				SWIFT_OPTIMIZATION_LEVEL = "-O";
				VALIDATE_PRODUCT = YES;
			};
			name = Release;
		};
		B1CBF26F28CF19CB00448733 /* Debug */ = {
			isa = XCBuildConfiguration;
			buildSettings = {
				ASSETCATALOG_COMPILER_APPICON_NAME = AppIcon;
				ASSETCATALOG_COMPILER_GLOBAL_ACCENT_COLOR_NAME = AccentColor;
				CODE_SIGN_STYLE = Automatic;
				CURRENT_PROJECT_VERSION = 1;
				DEVELOPMENT_TEAM = QQ4V82589Y;
				GENERATE_INFOPLIST_FILE = YES;
				INFOPLIST_FILE = RickAndMorty/Core/Info.plist;
				INFOPLIST_KEY_UIApplicationSupportsIndirectInputEvents = YES;
				INFOPLIST_KEY_UILaunchStoryboardName = LaunchScreen;
				INFOPLIST_KEY_UISupportedInterfaceOrientations = UIInterfaceOrientationPortrait;
				INFOPLIST_KEY_UISupportedInterfaceOrientations_iPad = "UIInterfaceOrientationPortrait UIInterfaceOrientationPortraitUpsideDown UIInterfaceOrientationLandscapeLeft UIInterfaceOrientationLandscapeRight";
				INFOPLIST_KEY_UISupportedInterfaceOrientations_iPhone = "UIInterfaceOrientationPortrait UIInterfaceOrientationLandscapeLeft UIInterfaceOrientationLandscapeRight";
				IPHONEOS_DEPLOYMENT_TARGET = 13.0;
				LD_RUNPATH_SEARCH_PATHS = (
					"$(inherited)",
					"@executable_path/Frameworks",
				);
				MARKETING_VERSION = 0.1.0;
				PRODUCT_BUNDLE_IDENTIFIER = com.berkaysancar.RickAndMorty;
				PRODUCT_NAME = "$(TARGET_NAME)";
				SWIFT_EMIT_LOC_STRINGS = YES;
				SWIFT_VERSION = 5.0;
				TARGETED_DEVICE_FAMILY = 1;
			};
			name = Debug;
		};
		B1CBF27028CF19CB00448733 /* Release */ = {
			isa = XCBuildConfiguration;
			buildSettings = {
				ASSETCATALOG_COMPILER_APPICON_NAME = AppIcon;
				ASSETCATALOG_COMPILER_GLOBAL_ACCENT_COLOR_NAME = AccentColor;
				CODE_SIGN_STYLE = Automatic;
				CURRENT_PROJECT_VERSION = 1;
				DEVELOPMENT_TEAM = QQ4V82589Y;
				GENERATE_INFOPLIST_FILE = YES;
				INFOPLIST_FILE = RickAndMorty/Core/Info.plist;
				INFOPLIST_KEY_UIApplicationSupportsIndirectInputEvents = YES;
				INFOPLIST_KEY_UILaunchStoryboardName = LaunchScreen;
				INFOPLIST_KEY_UISupportedInterfaceOrientations = UIInterfaceOrientationPortrait;
				INFOPLIST_KEY_UISupportedInterfaceOrientations_iPad = "UIInterfaceOrientationPortrait UIInterfaceOrientationPortraitUpsideDown UIInterfaceOrientationLandscapeLeft UIInterfaceOrientationLandscapeRight";
				INFOPLIST_KEY_UISupportedInterfaceOrientations_iPhone = "UIInterfaceOrientationPortrait UIInterfaceOrientationLandscapeLeft UIInterfaceOrientationLandscapeRight";
				IPHONEOS_DEPLOYMENT_TARGET = 13.0;
				LD_RUNPATH_SEARCH_PATHS = (
					"$(inherited)",
					"@executable_path/Frameworks",
				);
				MARKETING_VERSION = 0.1.0;
				PRODUCT_BUNDLE_IDENTIFIER = com.berkaysancar.RickAndMorty;
				PRODUCT_NAME = "$(TARGET_NAME)";
				SWIFT_EMIT_LOC_STRINGS = YES;
				SWIFT_VERSION = 5.0;
				TARGETED_DEVICE_FAMILY = 1;
			};
			name = Release;
		};
		B1CBF27228CF19CB00448733 /* Debug */ = {
			isa = XCBuildConfiguration;
			buildSettings = {
				ALWAYS_EMBED_SWIFT_STANDARD_LIBRARIES = YES;
				BUNDLE_LOADER = "$(TEST_HOST)";
				CODE_SIGN_STYLE = Automatic;
				CURRENT_PROJECT_VERSION = 1;
				DEVELOPMENT_TEAM = QQ4V82589Y;
				GENERATE_INFOPLIST_FILE = YES;
				IPHONEOS_DEPLOYMENT_TARGET = 15.5;
				MARKETING_VERSION = 1.0;
				PRODUCT_BUNDLE_IDENTIFIER = com.berkaysancar.RickAndMortyTests;
				PRODUCT_NAME = "$(TARGET_NAME)";
				SWIFT_EMIT_LOC_STRINGS = NO;
				SWIFT_VERSION = 5.0;
				TARGETED_DEVICE_FAMILY = "1,2";
				TEST_HOST = "$(BUILT_PRODUCTS_DIR)/RickAndMorty.app/RickAndMorty";
			};
			name = Debug;
		};
		B1CBF27328CF19CB00448733 /* Release */ = {
			isa = XCBuildConfiguration;
			buildSettings = {
				ALWAYS_EMBED_SWIFT_STANDARD_LIBRARIES = YES;
				BUNDLE_LOADER = "$(TEST_HOST)";
				CODE_SIGN_STYLE = Automatic;
				CURRENT_PROJECT_VERSION = 1;
				DEVELOPMENT_TEAM = QQ4V82589Y;
				GENERATE_INFOPLIST_FILE = YES;
				IPHONEOS_DEPLOYMENT_TARGET = 15.5;
				MARKETING_VERSION = 1.0;
				PRODUCT_BUNDLE_IDENTIFIER = com.berkaysancar.RickAndMortyTests;
				PRODUCT_NAME = "$(TARGET_NAME)";
				SWIFT_EMIT_LOC_STRINGS = NO;
				SWIFT_VERSION = 5.0;
				TARGETED_DEVICE_FAMILY = "1,2";
				TEST_HOST = "$(BUILT_PRODUCTS_DIR)/RickAndMorty.app/RickAndMorty";
			};
			name = Release;
		};
		B1CBF27528CF19CB00448733 /* Debug */ = {
			isa = XCBuildConfiguration;
			buildSettings = {
				ALWAYS_EMBED_SWIFT_STANDARD_LIBRARIES = YES;
				CODE_SIGN_STYLE = Automatic;
				CURRENT_PROJECT_VERSION = 1;
				DEVELOPMENT_TEAM = QQ4V82589Y;
				GENERATE_INFOPLIST_FILE = YES;
				MARKETING_VERSION = 1.0;
				PRODUCT_BUNDLE_IDENTIFIER = com.berkaysancar.RickAndMortyUITests;
				PRODUCT_NAME = "$(TARGET_NAME)";
				SWIFT_EMIT_LOC_STRINGS = NO;
				SWIFT_VERSION = 5.0;
				TARGETED_DEVICE_FAMILY = "1,2";
				TEST_TARGET_NAME = RickAndMorty;
			};
			name = Debug;
		};
		B1CBF27628CF19CB00448733 /* Release */ = {
			isa = XCBuildConfiguration;
			buildSettings = {
				ALWAYS_EMBED_SWIFT_STANDARD_LIBRARIES = YES;
				CODE_SIGN_STYLE = Automatic;
				CURRENT_PROJECT_VERSION = 1;
				DEVELOPMENT_TEAM = QQ4V82589Y;
				GENERATE_INFOPLIST_FILE = YES;
				MARKETING_VERSION = 1.0;
				PRODUCT_BUNDLE_IDENTIFIER = com.berkaysancar.RickAndMortyUITests;
				PRODUCT_NAME = "$(TARGET_NAME)";
				SWIFT_EMIT_LOC_STRINGS = NO;
				SWIFT_VERSION = 5.0;
				TARGETED_DEVICE_FAMILY = "1,2";
				TEST_TARGET_NAME = RickAndMorty;
			};
			name = Release;
		};
/* End XCBuildConfiguration section */

/* Begin XCConfigurationList section */
		B1CBF23F28CF19C800448733 /* Build configuration list for PBXProject "RickAndMorty" */ = {
			isa = XCConfigurationList;
			buildConfigurations = (
				B1CBF26C28CF19CB00448733 /* Debug */,
				B1CBF26D28CF19CB00448733 /* Release */,
			);
			defaultConfigurationIsVisible = 0;
			defaultConfigurationName = Release;
		};
		B1CBF26E28CF19CB00448733 /* Build configuration list for PBXNativeTarget "RickAndMorty" */ = {
			isa = XCConfigurationList;
			buildConfigurations = (
				B1CBF26F28CF19CB00448733 /* Debug */,
				B1CBF27028CF19CB00448733 /* Release */,
			);
			defaultConfigurationIsVisible = 0;
			defaultConfigurationName = Release;
		};
		B1CBF27128CF19CB00448733 /* Build configuration list for PBXNativeTarget "RickAndMortyTests" */ = {
			isa = XCConfigurationList;
			buildConfigurations = (
				B1CBF27228CF19CB00448733 /* Debug */,
				B1CBF27328CF19CB00448733 /* Release */,
			);
			defaultConfigurationIsVisible = 0;
			defaultConfigurationName = Release;
		};
		B1CBF27428CF19CB00448733 /* Build configuration list for PBXNativeTarget "RickAndMortyUITests" */ = {
			isa = XCConfigurationList;
			buildConfigurations = (
				B1CBF27528CF19CB00448733 /* Debug */,
				B1CBF27628CF19CB00448733 /* Release */,
			);
			defaultConfigurationIsVisible = 0;
			defaultConfigurationName = Release;
		};
/* End XCConfigurationList section */

/* Begin XCRemoteSwiftPackageReference section */
		B1CBF28528CF2D2600448733 /* XCRemoteSwiftPackageReference "Alamofire" */ = {
			isa = XCRemoteSwiftPackageReference;
			repositoryURL = "https://github.com/Alamofire/Alamofire";
			requirement = {
				kind = upToNextMajorVersion;
				minimumVersion = 5.0.0;
			};
		};
		B1CBF29628CF6DE000448733 /* XCRemoteSwiftPackageReference "SnapKit" */ = {
			isa = XCRemoteSwiftPackageReference;
			repositoryURL = "https://github.com/SnapKit/SnapKit.git";
			requirement = {
				kind = upToNextMajorVersion;
				minimumVersion = 5.0.0;
			};
		};
		B1CBF29C28CF71F300448733 /* XCRemoteSwiftPackageReference "Kingfisher" */ = {
			isa = XCRemoteSwiftPackageReference;
			repositoryURL = "https://github.com/onevcat/Kingfisher.git";
			requirement = {
				kind = upToNextMajorVersion;
				minimumVersion = 7.0.0;
			};
		};
/* End XCRemoteSwiftPackageReference section */

/* Begin XCSwiftPackageProductDependency section */
		B1CBF28628CF2D2600448733 /* Alamofire */ = {
			isa = XCSwiftPackageProductDependency;
			package = B1CBF28528CF2D2600448733 /* XCRemoteSwiftPackageReference "Alamofire" */;
			productName = Alamofire;
		};
		B1CBF29728CF6DE000448733 /* SnapKit */ = {
			isa = XCSwiftPackageProductDependency;
			package = B1CBF29628CF6DE000448733 /* XCRemoteSwiftPackageReference "SnapKit" */;
			productName = SnapKit;
		};
		B1CBF29D28CF71F300448733 /* Kingfisher */ = {
			isa = XCSwiftPackageProductDependency;
			package = B1CBF29C28CF71F300448733 /* XCRemoteSwiftPackageReference "Kingfisher" */;
			productName = Kingfisher;
		};
/* End XCSwiftPackageProductDependency section */
	};
	rootObject = B1CBF23C28CF19C800448733 /* Project object */;
}
